{
  "requires": true,
  "lockfileVersion": 1,
  "dependencies": {
    "zaschiff-palindrome": {
      "version": "0.1.0",
      "resolved": "https://registry.npmjs.org/zaschiff-palindrome/-/zaschiff-palindrome-0.1.0.tgz",
      "integrity": "sha512-euRLyX3/jpKMYGnLI9GAHo+tRgy4u/Xnhc2l0LGtsMBr3wbkKdIu1rTjlDA72wceg8syvB0j2kN7ZrNylclukw=="
    }
  }
}
